
Microsoft Visual Studio Solution File, Format Version 12.00
# Visual Studio Version 17
VisualStudioVersion = 17.8.34330.188
MinimumVisualStudioVersion = 10.0.40219.1
Project("{9A19103F-16F7-4668-BE54-9A1E7A4F7556}") = "ABS.FileGeneration", "ABS.FileGeneration.csproj", "{E2F187F9-61CF-474D-B064-B3C05835AECF}"
EndProject
Project("{9A19103F-16F7-4668-BE54-9A1E7A4F7556}") = "FileGenerationTest", "..\FileGenerationTest\FileGenerationTest.csproj", "{0F271DDA-AA79-4BCD-9CA7-F50C38300C91}"
EndProject
Global
	GlobalSection(SolutionConfigurationPlatforms) = preSolution
		Debug|Any CPU = Debug|Any CPU
		Release|Any CPU = Release|Any CPU
	EndGlobalSection
	GlobalSection(ProjectConfigurationPlatforms) = postSolution
		{E2F187F9-61CF-474D-B064-B3C05835AECF}.Debug|Any CPU.ActiveCfg = Debug|Any CPU
		{E2F187F9-61CF-474D-B064-B3C05835AECF}.Debug|Any CPU.Build.0 = Debug|Any CPU
		{E2F187F9-61CF-474D-B064-B3C05835AECF}.Release|Any CPU.ActiveCfg = Release|Any CPU
		{E2F187F9-61CF-474D-B064-B3C05835AECF}.Release|Any CPU.Build.0 = Release|Any CPU
		{0F271DDA-AA79-4BCD-9CA7-F50C38300C91}.Debug|Any CPU.ActiveCfg = Debug|Any CPU
		{0F271DDA-AA79-4BCD-9CA7-F50C38300C91}.Debug|Any CPU.Build.0 = Debug|Any CPU
		{0F271DDA-AA79-4BCD-9CA7-F50C38300C91}.Release|Any CPU.ActiveCfg = Release|Any CPU
		{0F271DDA-AA79-4BCD-9CA7-F50C38300C91}.Release|Any CPU.Build.0 = Release|Any CPU
	EndGlobalSection
	GlobalSection(SolutionProperties) = preSolution
		HideSolutionNode = FALSE
	EndGlobalSection
	GlobalSection(ExtensibilityGlobals) = postSolution
		SolutionGuid = {49A5C8AA-759E-418A-B4FE-FC104EBA7900}
	EndGlobalSection
EndGlobal
